
Microsoft Visual Studio Solution File, Format Version 12.00
# Visual Studio Version 17
VisualStudioVersion = 17.11.35303.130
MinimumVisualStudioVersion = 10.0.40219.1
Project("{FAE04EC0-301F-11D3-BF4B-00C04F79EFBC}") = "Act 7. Numeros primos", "Act 7. Numeros primos.csproj", "{1E7FE816-0A8E-4086-9242-4AE432C680AD}"
EndProject
Global
	GlobalSection(SolutionConfigurationPlatforms) = preSolution
		Debug|Any CPU = Debug|Any CPU
		Release|Any CPU = Release|Any CPU
	EndGlobalSection
	GlobalSection(ProjectConfigurationPlatforms) = postSolution
		{1E7FE816-0A8E-4086-9242-4AE432C680AD}.Debug|Any CPU.ActiveCfg = Debug|Any CPU
		{1E7FE816-0A8E-4086-9242-4AE432C680AD}.Debug|Any CPU.Build.0 = Debug|Any CPU
		{1E7FE816-0A8E-4086-9242-4AE432C680AD}.Release|Any CPU.ActiveCfg = Release|Any CPU
		{1E7FE816-0A8E-4086-9242-4AE432C680AD}.Release|Any CPU.Build.0 = Release|Any CPU
	EndGlobalSection
	GlobalSection(SolutionProperties) = preSolution
		HideSolutionNode = FALSE
	EndGlobalSection
	GlobalSection(ExtensibilityGlobals) = postSolution
		SolutionGuid = {25A613F8-963D-4C42-BCDA-85A9E13F1F41}
	EndGlobalSection
EndGlobal
