
Microsoft Visual Studio Solution File, Format Version 12.00
# Visual Studio Version 17
VisualStudioVersion = 17.11.35303.130
MinimumVisualStudioVersion = 10.0.40219.1
Project("{FAE04EC0-301F-11D3-BF4B-00C04F79EFBC}") = "Act 6. Calcular el area de una figura", "Act 6. Calcular el area de una figura.csproj", "{94C26EEA-63BF-46AD-A701-B39E8A7D3DEE}"
EndProject
Global
	GlobalSection(SolutionConfigurationPlatforms) = preSolution
		Debug|Any CPU = Debug|Any CPU
		Release|Any CPU = Release|Any CPU
	EndGlobalSection
	GlobalSection(ProjectConfigurationPlatforms) = postSolution
		{94C26EEA-63BF-46AD-A701-B39E8A7D3DEE}.Debug|Any CPU.ActiveCfg = Debug|Any CPU
		{94C26EEA-63BF-46AD-A701-B39E8A7D3DEE}.Debug|Any CPU.Build.0 = Debug|Any CPU
		{94C26EEA-63BF-46AD-A701-B39E8A7D3DEE}.Release|Any CPU.ActiveCfg = Release|Any CPU
		{94C26EEA-63BF-46AD-A701-B39E8A7D3DEE}.Release|Any CPU.Build.0 = Release|Any CPU
	EndGlobalSection
	GlobalSection(SolutionProperties) = preSolution
		HideSolutionNode = FALSE
	EndGlobalSection
	GlobalSection(ExtensibilityGlobals) = postSolution
		SolutionGuid = {F9680CFB-DD90-4273-9A91-F5B6F07FCE78}
	EndGlobalSection
EndGlobal
