
Microsoft Visual Studio Solution File, Format Version 12.00
# Visual Studio Version 17
VisualStudioVersion = 17.11.35303.130
MinimumVisualStudioVersion = 10.0.40219.1
Project("{FAE04EC0-301F-11D3-BF4B-00C04F79EFBC}") = "4.- Numero mayor y menor", "4.- Numero mayor y menor.csproj", "{9EB0F8AA-F07D-4159-B788-D017CA1E105F}"
EndProject
Global
	GlobalSection(SolutionConfigurationPlatforms) = preSolution
		Debug|Any CPU = Debug|Any CPU
		Release|Any CPU = Release|Any CPU
	EndGlobalSection
	GlobalSection(ProjectConfigurationPlatforms) = postSolution
		{9EB0F8AA-F07D-4159-B788-D017CA1E105F}.Debug|Any CPU.ActiveCfg = Debug|Any CPU
		{9EB0F8AA-F07D-4159-B788-D017CA1E105F}.Debug|Any CPU.Build.0 = Debug|Any CPU
		{9EB0F8AA-F07D-4159-B788-D017CA1E105F}.Release|Any CPU.ActiveCfg = Release|Any CPU
		{9EB0F8AA-F07D-4159-B788-D017CA1E105F}.Release|Any CPU.Build.0 = Release|Any CPU
	EndGlobalSection
	GlobalSection(SolutionProperties) = preSolution
		HideSolutionNode = FALSE
	EndGlobalSection
	GlobalSection(ExtensibilityGlobals) = postSolution
		SolutionGuid = {CED51D18-6D57-4E4F-84BE-6328552F267E}
	EndGlobalSection
EndGlobal
