
Microsoft Visual Studio Solution File, Format Version 12.00
# Visual Studio Version 17
VisualStudioVersion = 17.11.35303.130
MinimumVisualStudioVersion = 10.0.40219.1
Project("{FAE04EC0-301F-11D3-BF4B-00C04F79EFBC}") = "Act papeleria", "Act papeleria.csproj", "{EF2F78D5-3918-4DC5-8B01-296471EF9983}"
EndProject
Global
	GlobalSection(SolutionConfigurationPlatforms) = preSolution
		Debug|Any CPU = Debug|Any CPU
		Release|Any CPU = Release|Any CPU
	EndGlobalSection
	GlobalSection(ProjectConfigurationPlatforms) = postSolution
		{EF2F78D5-3918-4DC5-8B01-296471EF9983}.Debug|Any CPU.ActiveCfg = Debug|Any CPU
		{EF2F78D5-3918-4DC5-8B01-296471EF9983}.Debug|Any CPU.Build.0 = Debug|Any CPU
		{EF2F78D5-3918-4DC5-8B01-296471EF9983}.Release|Any CPU.ActiveCfg = Release|Any CPU
		{EF2F78D5-3918-4DC5-8B01-296471EF9983}.Release|Any CPU.Build.0 = Release|Any CPU
	EndGlobalSection
	GlobalSection(SolutionProperties) = preSolution
		HideSolutionNode = FALSE
	EndGlobalSection
	GlobalSection(ExtensibilityGlobals) = postSolution
		SolutionGuid = {79D40CED-64D3-4AD3-9C9B-D3E5A76AECCE}
	EndGlobalSection
EndGlobal
